
Microsoft Visual Studio Solution File, Format Version 12.00
# Visual Studio 15
VisualStudioVersion = 15.0.27428.2043
MinimumVisualStudioVersion = 10.0.40219.1
Project("{FAE04EC0-301F-11D3-BF4B-00C04F79EFBC}") = "SalesManager", "SalesManager\SalesManager.csproj", "{9F0EDAA7-5C86-4D97-8983-30240F5EC26B}"
EndProject
Project("{FAE04EC0-301F-11D3-BF4B-00C04F79EFBC}") = "SalesManagerLib", "SalesManagerLib\SalesManagerLib.csproj", "{783C7058-0FA6-4A5A-B07A-E7FD1016E757}"
EndProject
Global
	GlobalSection(SolutionConfigurationPlatforms) = preSolution
		Debug|Any CPU = Debug|Any CPU
		Release|Any CPU = Release|Any CPU
	EndGlobalSection
	GlobalSection(ProjectConfigurationPlatforms) = postSolution
		{9F0EDAA7-5C86-4D97-8983-30240F5EC26B}.Debug|Any CPU.ActiveCfg = Debug|Any CPU
		{9F0EDAA7-5C86-4D97-8983-30240F5EC26B}.Debug|Any CPU.Build.0 = Debug|Any CPU
		{9F0EDAA7-5C86-4D97-8983-30240F5EC26B}.Release|Any CPU.ActiveCfg = Release|Any CPU
		{9F0EDAA7-5C86-4D97-8983-30240F5EC26B}.Release|Any CPU.Build.0 = Release|Any CPU
		{783C7058-0FA6-4A5A-B07A-E7FD1016E757}.Debug|Any CPU.ActiveCfg = Debug|Any CPU
		{783C7058-0FA6-4A5A-B07A-E7FD1016E757}.Debug|Any CPU.Build.0 = Debug|Any CPU
		{783C7058-0FA6-4A5A-B07A-E7FD1016E757}.Release|Any CPU.ActiveCfg = Release|Any CPU
		{783C7058-0FA6-4A5A-B07A-E7FD1016E757}.Release|Any CPU.Build.0 = Release|Any CPU
	EndGlobalSection
	GlobalSection(SolutionProperties) = preSolution
		HideSolutionNode = FALSE
	EndGlobalSection
	GlobalSection(ExtensibilityGlobals) = postSolution
		SolutionGuid = {8E11C748-B9C5-44A4-AA6F-D6920A5FD19D}
	EndGlobalSection
EndGlobal
